
Microsoft Visual Studio Solution File, Format Version 12.00
# Visual Studio Version 17
VisualStudioVersion = 17.2.32519.379
MinimumVisualStudioVersion = 10.0.40219.1
Project("{FAE04EC0-301F-11D3-BF4B-00C04F79EFBC}") = "Handlingexceptions", "Handlingexceptions\Handlingexceptions.csproj", "{737279E2-8D25-4D8C-97BF-26373326B5E7}"
EndProject
Global
	GlobalSection(SolutionConfigurationPlatforms) = preSolution
		Debug|Any CPU = Debug|Any CPU
		Release|Any CPU = Release|Any CPU
	EndGlobalSection
	GlobalSection(ProjectConfigurationPlatforms) = postSolution
		{737279E2-8D25-4D8C-97BF-26373326B5E7}.Debug|Any CPU.ActiveCfg = Debug|Any CPU
		{737279E2-8D25-4D8C-97BF-26373326B5E7}.Debug|Any CPU.Build.0 = Debug|Any CPU
		{737279E2-8D25-4D8C-97BF-26373326B5E7}.Release|Any CPU.ActiveCfg = Release|Any CPU
		{737279E2-8D25-4D8C-97BF-26373326B5E7}.Release|Any CPU.Build.0 = Release|Any CPU
	EndGlobalSection
	GlobalSection(SolutionProperties) = preSolution
		HideSolutionNode = FALSE
	EndGlobalSection
	GlobalSection(ExtensibilityGlobals) = postSolution
		SolutionGuid = {FF31225E-396E-44BE-822F-F1AB93B79179}
	EndGlobalSection
EndGlobal
