
Microsoft Visual Studio Solution File, Format Version 12.00
# Visual Studio Version 17
VisualStudioVersion = 17.2.32519.379
MinimumVisualStudioVersion = 10.0.40219.1
Project("{FAE04EC0-301F-11D3-BF4B-00C04F79EFBC}") = "method2", "method2\method2.csproj", "{31903636-87EA-480C-A040-E749D5B6702D}"
EndProject
Global
	GlobalSection(SolutionConfigurationPlatforms) = preSolution
		Debug|Any CPU = Debug|Any CPU
		Release|Any CPU = Release|Any CPU
	EndGlobalSection
	GlobalSection(ProjectConfigurationPlatforms) = postSolution
		{31903636-87EA-480C-A040-E749D5B6702D}.Debug|Any CPU.ActiveCfg = Debug|Any CPU
		{31903636-87EA-480C-A040-E749D5B6702D}.Debug|Any CPU.Build.0 = Debug|Any CPU
		{31903636-87EA-480C-A040-E749D5B6702D}.Release|Any CPU.ActiveCfg = Release|Any CPU
		{31903636-87EA-480C-A040-E749D5B6702D}.Release|Any CPU.Build.0 = Release|Any CPU
	EndGlobalSection
	GlobalSection(SolutionProperties) = preSolution
		HideSolutionNode = FALSE
	EndGlobalSection
	GlobalSection(ExtensibilityGlobals) = postSolution
		SolutionGuid = {6B8E486A-7EBE-43FB-86BA-F219D2EB60B7}
	EndGlobalSection
EndGlobal
