
Microsoft Visual Studio Solution File, Format Version 12.00
# Visual Studio Version 17
VisualStudioVersion = 17.2.32519.379
MinimumVisualStudioVersion = 10.0.40219.1
Project("{FAE04EC0-301F-11D3-BF4B-00C04F79EFBC}") = "jj", "jj\jj.csproj", "{EE75CDED-1BEF-41E0-8A7F-0D5682CF80EB}"
EndProject
Global
	GlobalSection(SolutionConfigurationPlatforms) = preSolution
		Debug|Any CPU = Debug|Any CPU
		Release|Any CPU = Release|Any CPU
	EndGlobalSection
	GlobalSection(ProjectConfigurationPlatforms) = postSolution
		{EE75CDED-1BEF-41E0-8A7F-0D5682CF80EB}.Debug|Any CPU.ActiveCfg = Debug|Any CPU
		{EE75CDED-1BEF-41E0-8A7F-0D5682CF80EB}.Debug|Any CPU.Build.0 = Debug|Any CPU
		{EE75CDED-1BEF-41E0-8A7F-0D5682CF80EB}.Release|Any CPU.ActiveCfg = Release|Any CPU
		{EE75CDED-1BEF-41E0-8A7F-0D5682CF80EB}.Release|Any CPU.Build.0 = Release|Any CPU
	EndGlobalSection
	GlobalSection(SolutionProperties) = preSolution
		HideSolutionNode = FALSE
	EndGlobalSection
	GlobalSection(ExtensibilityGlobals) = postSolution
		SolutionGuid = {C8A287A9-4F8C-4C03-AC53-6618E2EFCAD2}
	EndGlobalSection
EndGlobal
