
Microsoft Visual Studio Solution File, Format Version 12.00
# Visual Studio Version 17
VisualStudioVersion = 17.2.32519.379
MinimumVisualStudioVersion = 10.0.40219.1
Project("{FAE04EC0-301F-11D3-BF4B-00C04F79EFBC}") = "Fizzbuzz challenge", "Fizzbuzz challenge\Fizzbuzz challenge.csproj", "{C25C3511-F981-4302-A9D7-DC17D2929EF1}"
EndProject
Global
	GlobalSection(SolutionConfigurationPlatforms) = preSolution
		Debug|Any CPU = Debug|Any CPU
		Release|Any CPU = Release|Any CPU
	EndGlobalSection
	GlobalSection(ProjectConfigurationPlatforms) = postSolution
		{C25C3511-F981-4302-A9D7-DC17D2929EF1}.Debug|Any CPU.ActiveCfg = Debug|Any CPU
		{C25C3511-F981-4302-A9D7-DC17D2929EF1}.Debug|Any CPU.Build.0 = Debug|Any CPU
		{C25C3511-F981-4302-A9D7-DC17D2929EF1}.Release|Any CPU.ActiveCfg = Release|Any CPU
		{C25C3511-F981-4302-A9D7-DC17D2929EF1}.Release|Any CPU.Build.0 = Release|Any CPU
	EndGlobalSection
	GlobalSection(SolutionProperties) = preSolution
		HideSolutionNode = FALSE
	EndGlobalSection
	GlobalSection(ExtensibilityGlobals) = postSolution
		SolutionGuid = {79280BA6-FF2D-4842-8F48-97ACA8ADD6CB}
	EndGlobalSection
EndGlobal
