
Microsoft Visual Studio Solution File, Format Version 12.00
# Visual Studio Version 17
VisualStudioVersion = 17.2.32519.379
MinimumVisualStudioVersion = 10.0.40219.1
Project("{FAE04EC0-301F-11D3-BF4B-00C04F79EFBC}") = "Assignment1", "Assignment1\Assignment1.csproj", "{AFAB9884-16C8-4619-9ECF-E3456A4FEB41}"
EndProject
Global
	GlobalSection(SolutionConfigurationPlatforms) = preSolution
		Debug|Any CPU = Debug|Any CPU
		Release|Any CPU = Release|Any CPU
	EndGlobalSection
	GlobalSection(ProjectConfigurationPlatforms) = postSolution
		{AFAB9884-16C8-4619-9ECF-E3456A4FEB41}.Debug|Any CPU.ActiveCfg = Debug|Any CPU
		{AFAB9884-16C8-4619-9ECF-E3456A4FEB41}.Debug|Any CPU.Build.0 = Debug|Any CPU
		{AFAB9884-16C8-4619-9ECF-E3456A4FEB41}.Release|Any CPU.ActiveCfg = Release|Any CPU
		{AFAB9884-16C8-4619-9ECF-E3456A4FEB41}.Release|Any CPU.Build.0 = Release|Any CPU
	EndGlobalSection
	GlobalSection(SolutionProperties) = preSolution
		HideSolutionNode = FALSE
	EndGlobalSection
	GlobalSection(ExtensibilityGlobals) = postSolution
		SolutionGuid = {378BB461-28B4-4ACF-BE0C-74D48758B474}
	EndGlobalSection
EndGlobal
