
Microsoft Visual Studio Solution File, Format Version 12.00
# Visual Studio Version 17
VisualStudioVersion = 17.2.32519.379
MinimumVisualStudioVersion = 10.0.40219.1
Project("{FAE04EC0-301F-11D3-BF4B-00C04F79EFBC}") = "assignment4", "assignment4\assignment4.csproj", "{A56E1986-1D32-4B10-8C8A-A3826EFD743E}"
EndProject
Global
	GlobalSection(SolutionConfigurationPlatforms) = preSolution
		Debug|Any CPU = Debug|Any CPU
		Release|Any CPU = Release|Any CPU
	EndGlobalSection
	GlobalSection(ProjectConfigurationPlatforms) = postSolution
		{A56E1986-1D32-4B10-8C8A-A3826EFD743E}.Debug|Any CPU.ActiveCfg = Debug|Any CPU
		{A56E1986-1D32-4B10-8C8A-A3826EFD743E}.Debug|Any CPU.Build.0 = Debug|Any CPU
		{A56E1986-1D32-4B10-8C8A-A3826EFD743E}.Release|Any CPU.ActiveCfg = Release|Any CPU
		{A56E1986-1D32-4B10-8C8A-A3826EFD743E}.Release|Any CPU.Build.0 = Release|Any CPU
	EndGlobalSection
	GlobalSection(SolutionProperties) = preSolution
		HideSolutionNode = FALSE
	EndGlobalSection
	GlobalSection(ExtensibilityGlobals) = postSolution
		SolutionGuid = {8DFB17A3-2373-43AC-A99E-F3C38E0927A1}
	EndGlobalSection
EndGlobal
